
Microsoft Visual Studio Solution File, Format Version 12.00
# Visual Studio 14
VisualStudioVersion = 14.0.25420.1
MinimumVisualStudioVersion = 10.0.40219.1
Project("{FAE04EC0-301F-11D3-BF4B-00C04F79EFBC}") = "Tut.Model", "Tut.Model\Tut.Model.csproj", "{61E644F9-668D-4042-9218-45B28035390F}"
EndProject
Project("{FAE04EC0-301F-11D3-BF4B-00C04F79EFBC}") = "Tut.Controllers", "Tut.Controller\Tut.Controllers.csproj", "{039A9E3B-6D46-4D61-B729-9227A9E60985}"
EndProject
Project("{FAE04EC0-301F-11D3-BF4B-00C04F79EFBC}") = "Tut.Repositories", "Tut.Repositories\Tut.Repositories.csproj", "{4924D6A5-5D77-4D00-9D07-EDA1E36A5237}"
EndProject
Project("{FAE04EC0-301F-11D3-BF4B-00C04F79EFBC}") = "Tut.Entities", "Tut.Entities\Tut.Entities.csproj", "{9DA325B6-8888-4BFC-BEBC-691B384A5CEA}"
EndProject
Project("{FAE04EC0-301F-11D3-BF4B-00C04F79EFBC}") = "Tut.Test", "Tut.Test\Tut.Test.csproj", "{6DA5519D-B75C-4290-A622-F3F3647C5C32}"
EndProject
Project("{FAE04EC0-301F-11D3-BF4B-00C04F79EFBC}") = "Tut.Services", "Tut.Services\Tut.Services.csproj", "{8D7176A3-36B6-4AB0-93D3-CFAF094B9D76}"
EndProject
Project("{FAE04EC0-301F-11D3-BF4B-00C04F79EFBC}") = "Tut.Runner", "Tut.Run\Tut.Runner.csproj", "{F144EBB4-5ACB-4A7A-A76F-762D3135900C}"
EndProject
Global
	GlobalSection(SolutionConfigurationPlatforms) = preSolution
		Debug|Any CPU = Debug|Any CPU
		Release|Any CPU = Release|Any CPU
	EndGlobalSection
	GlobalSection(ProjectConfigurationPlatforms) = postSolution
		{61E644F9-668D-4042-9218-45B28035390F}.Debug|Any CPU.ActiveCfg = Debug|Any CPU
		{61E644F9-668D-4042-9218-45B28035390F}.Debug|Any CPU.Build.0 = Debug|Any CPU
		{61E644F9-668D-4042-9218-45B28035390F}.Release|Any CPU.ActiveCfg = Release|Any CPU
		{61E644F9-668D-4042-9218-45B28035390F}.Release|Any CPU.Build.0 = Release|Any CPU
		{039A9E3B-6D46-4D61-B729-9227A9E60985}.Debug|Any CPU.ActiveCfg = Debug|Any CPU
		{039A9E3B-6D46-4D61-B729-9227A9E60985}.Debug|Any CPU.Build.0 = Debug|Any CPU
		{039A9E3B-6D46-4D61-B729-9227A9E60985}.Release|Any CPU.ActiveCfg = Release|Any CPU
		{039A9E3B-6D46-4D61-B729-9227A9E60985}.Release|Any CPU.Build.0 = Release|Any CPU
		{4924D6A5-5D77-4D00-9D07-EDA1E36A5237}.Debug|Any CPU.ActiveCfg = Debug|Any CPU
		{4924D6A5-5D77-4D00-9D07-EDA1E36A5237}.Debug|Any CPU.Build.0 = Debug|Any CPU
		{4924D6A5-5D77-4D00-9D07-EDA1E36A5237}.Release|Any CPU.ActiveCfg = Release|Any CPU
		{4924D6A5-5D77-4D00-9D07-EDA1E36A5237}.Release|Any CPU.Build.0 = Release|Any CPU
		{9DA325B6-8888-4BFC-BEBC-691B384A5CEA}.Debug|Any CPU.ActiveCfg = Debug|Any CPU
		{9DA325B6-8888-4BFC-BEBC-691B384A5CEA}.Debug|Any CPU.Build.0 = Debug|Any CPU
		{9DA325B6-8888-4BFC-BEBC-691B384A5CEA}.Release|Any CPU.ActiveCfg = Release|Any CPU
		{9DA325B6-8888-4BFC-BEBC-691B384A5CEA}.Release|Any CPU.Build.0 = Release|Any CPU
		{6DA5519D-B75C-4290-A622-F3F3647C5C32}.Debug|Any CPU.ActiveCfg = Debug|Any CPU
		{6DA5519D-B75C-4290-A622-F3F3647C5C32}.Debug|Any CPU.Build.0 = Debug|Any CPU
		{6DA5519D-B75C-4290-A622-F3F3647C5C32}.Release|Any CPU.ActiveCfg = Release|Any CPU
		{6DA5519D-B75C-4290-A622-F3F3647C5C32}.Release|Any CPU.Build.0 = Release|Any CPU
		{8D7176A3-36B6-4AB0-93D3-CFAF094B9D76}.Debug|Any CPU.ActiveCfg = Debug|Any CPU
		{8D7176A3-36B6-4AB0-93D3-CFAF094B9D76}.Debug|Any CPU.Build.0 = Debug|Any CPU
		{8D7176A3-36B6-4AB0-93D3-CFAF094B9D76}.Release|Any CPU.ActiveCfg = Release|Any CPU
		{8D7176A3-36B6-4AB0-93D3-CFAF094B9D76}.Release|Any CPU.Build.0 = Release|Any CPU
		{F144EBB4-5ACB-4A7A-A76F-762D3135900C}.Debug|Any CPU.ActiveCfg = Debug|Any CPU
		{F144EBB4-5ACB-4A7A-A76F-762D3135900C}.Debug|Any CPU.Build.0 = Debug|Any CPU
		{F144EBB4-5ACB-4A7A-A76F-762D3135900C}.Release|Any CPU.ActiveCfg = Release|Any CPU
		{F144EBB4-5ACB-4A7A-A76F-762D3135900C}.Release|Any CPU.Build.0 = Release|Any CPU
	EndGlobalSection
	GlobalSection(SolutionProperties) = preSolution
		HideSolutionNode = FALSE
	EndGlobalSection
EndGlobal
